
Microsoft Visual Studio Solution File, Format Version 12.00
# Visual Studio 15
VisualStudioVersion = 15.0.27703.2047
MinimumVisualStudioVersion = 10.0.40219.1
Project("{FAE04EC0-301F-11D3-BF4B-00C04F79EFBC}") = "primos", "primos\primos.csproj", "{1F5DC1E5-FEAE-406A-8EF4-CC46CC384FFF}"
EndProject
Global
	GlobalSection(SolutionConfigurationPlatforms) = preSolution
		Debug|Any CPU = Debug|Any CPU
		Release|Any CPU = Release|Any CPU
	EndGlobalSection
	GlobalSection(ProjectConfigurationPlatforms) = postSolution
		{1F5DC1E5-FEAE-406A-8EF4-CC46CC384FFF}.Debug|Any CPU.ActiveCfg = Debug|Any CPU
		{1F5DC1E5-FEAE-406A-8EF4-CC46CC384FFF}.Debug|Any CPU.Build.0 = Debug|Any CPU
		{1F5DC1E5-FEAE-406A-8EF4-CC46CC384FFF}.Release|Any CPU.ActiveCfg = Release|Any CPU
		{1F5DC1E5-FEAE-406A-8EF4-CC46CC384FFF}.Release|Any CPU.Build.0 = Release|Any CPU
	EndGlobalSection
	GlobalSection(SolutionProperties) = preSolution
		HideSolutionNode = FALSE
	EndGlobalSection
	GlobalSection(ExtensibilityGlobals) = postSolution
		SolutionGuid = {C6022A9F-2B44-438D-B5D4-ABF6440FCA18}
	EndGlobalSection
EndGlobal
